
Microsoft Visual Studio Solution File, Format Version 12.00
# Visual Studio Version 17
VisualStudioVersion = 17.5.33627.172
MinimumVisualStudioVersion = 10.0.40219.1
Project("{888888A0-9F3D-457C-B088-3A5042F75D52}") = "Guessing_Game", "Guessing_Game.pyproj", "{912A751F-DF93-4BA3-827B-A97041305ADB}"
EndProject
Global
	GlobalSection(SolutionConfigurationPlatforms) = preSolution
		Debug|Any CPU = Debug|Any CPU
		Release|Any CPU = Release|Any CPU
	EndGlobalSection
	GlobalSection(ProjectConfigurationPlatforms) = postSolution
		{912A751F-DF93-4BA3-827B-A97041305ADB}.Debug|Any CPU.ActiveCfg = Debug|Any CPU
		{912A751F-DF93-4BA3-827B-A97041305ADB}.Release|Any CPU.ActiveCfg = Release|Any CPU
	EndGlobalSection
	GlobalSection(SolutionProperties) = preSolution
		HideSolutionNode = FALSE
	EndGlobalSection
	GlobalSection(ExtensibilityGlobals) = postSolution
		SolutionGuid = {077F5080-BBCE-40CD-A793-347260EB3DE2}
	EndGlobalSection
EndGlobal
